
Microsoft Visual Studio Solution File, Format Version 12.00
# Visual Studio Version 17
VisualStudioVersion = 17.7.34009.444
MinimumVisualStudioVersion = 10.0.40219.1
Project("{9A19103F-16F7-4668-BE54-9A1E7A4F7556}") = "Sample", "Sample\Sample.csproj", "{19464F86-5BC2-4B32-B9AC-7AD644C6832E}"
EndProject
Project("{9A19103F-16F7-4668-BE54-9A1E7A4F7556}") = "Sample.Desktop", "Sample.Desktop\Sample.Desktop.csproj", "{FD36885D-44A7-41C8-A4E4-5FF585802FBE}"
EndProject
Global
	GlobalSection(SolutionConfigurationPlatforms) = preSolution
		Debug|Any CPU = Debug|Any CPU
		Release|Any CPU = Release|Any CPU
	EndGlobalSection
	GlobalSection(ProjectConfigurationPlatforms) = postSolution
		{19464F86-5BC2-4B32-B9AC-7AD644C6832E}.Debug|Any CPU.ActiveCfg = Debug|Any CPU
		{19464F86-5BC2-4B32-B9AC-7AD644C6832E}.Debug|Any CPU.Build.0 = Debug|Any CPU
		{19464F86-5BC2-4B32-B9AC-7AD644C6832E}.Release|Any CPU.ActiveCfg = Release|Any CPU
		{19464F86-5BC2-4B32-B9AC-7AD644C6832E}.Release|Any CPU.Build.0 = Release|Any CPU
		{FD36885D-44A7-41C8-A4E4-5FF585802FBE}.Debug|Any CPU.ActiveCfg = Debug|Any CPU
		{FD36885D-44A7-41C8-A4E4-5FF585802FBE}.Debug|Any CPU.Build.0 = Debug|Any CPU
		{FD36885D-44A7-41C8-A4E4-5FF585802FBE}.Release|Any CPU.ActiveCfg = Release|Any CPU
		{FD36885D-44A7-41C8-A4E4-5FF585802FBE}.Release|Any CPU.Build.0 = Release|Any CPU
	EndGlobalSection
	GlobalSection(SolutionProperties) = preSolution
		HideSolutionNode = FALSE
	EndGlobalSection
	GlobalSection(ExtensibilityGlobals) = postSolution
		SolutionGuid = {CBEAB1ED-CEA9-4B54-9B72-B4BCAB42261E}
	EndGlobalSection
EndGlobal
